// !$*UTF8*$!
{
	archiveVersion = 1;
	classes = {
	};
	objectVersion = 46;
	objects = {

/* Begin PBXBuildFile section */
		83EF702DAC34875B7ACAB1E3 /* Pods_SnapMessage.framework in Frameworks */ = {isa = PBXBuildFile; fileRef = E81A952F76D38862DB28A6BF /* Pods_SnapMessage.framework */; };
		C33075731EA6A8F1008C1EE1 /* AppDelegate.swift in Sources */ = {isa = PBXBuildFile; fileRef = C33075721EA6A8F1008C1EE1 /* AppDelegate.swift */; };
		C33075751EA6A8F1008C1EE1 /* MessagesController.swift in Sources */ = {isa = PBXBuildFile; fileRef = C33075741EA6A8F1008C1EE1 /* MessagesController.swift */; };
		C33075781EA6A8F1008C1EE1 /* Main.storyboard in Resources */ = {isa = PBXBuildFile; fileRef = C33075761EA6A8F1008C1EE1 /* Main.storyboard */; };
		C330757A1EA6A8F1008C1EE1 /* Assets.xcassets in Resources */ = {isa = PBXBuildFile; fileRef = C33075791EA6A8F1008C1EE1 /* Assets.xcassets */; };
		C330757D1EA6A8F1008C1EE1 /* LaunchScreen.storyboard in Resources */ = {isa = PBXBuildFile; fileRef = C330757B1EA6A8F1008C1EE1 /* LaunchScreen.storyboard */; };
		C33075861EA6ABB5008C1EE1 /* LoginController.swift in Sources */ = {isa = PBXBuildFile; fileRef = C33075851EA6ABB5008C1EE1 /* LoginController.swift */; };
		C33075881EA6C0E7008C1EE1 /* GoogleService-Info.plist in Resources */ = {isa = PBXBuildFile; fileRef = C33075871EA6C0E7008C1EE1 /* GoogleService-Info.plist */; };
		C34310DF1EA7BA0500937CA1 /* NewMessageController.swift in Sources */ = {isa = PBXBuildFile; fileRef = C34310DE1EA7BA0500937CA1 /* NewMessageController.swift */; };
		C34310E21EA7C21F00937CA1 /* User.swift in Sources */ = {isa = PBXBuildFile; fileRef = C34310E11EA7C21F00937CA1 /* User.swift */; };
		C34310E41EA7C8F000937CA1 /* LoginController+handlers.swift in Sources */ = {isa = PBXBuildFile; fileRef = C34310E31EA7C8F000937CA1 /* LoginController+handlers.swift */; };
		C34310E71EA8204400937CA1 /* Extensions.swift in Sources */ = {isa = PBXBuildFile; fileRef = C34310E61EA8204400937CA1 /* Extensions.swift */; };
/* End PBXBuildFile section */

/* Begin PBXFileReference section */
		C330756F1EA6A8F1008C1EE1 /* SnapMessage.app */ = {isa = PBXFileReference; explicitFileType = wrapper.application; includeInIndex = 0; path = SnapMessage.app; sourceTree = BUILT_PRODUCTS_DIR; };
		C33075721EA6A8F1008C1EE1 /* AppDelegate.swift */ = {isa = PBXFileReference; lastKnownFileType = sourcecode.swift; path = AppDelegate.swift; sourceTree = "<group>"; };
		C33075741EA6A8F1008C1EE1 /* MessagesController.swift */ = {isa = PBXFileReference; lastKnownFileType = sourcecode.swift; path = MessagesController.swift; sourceTree = "<group>"; };
		C33075771EA6A8F1008C1EE1 /* Base */ = {isa = PBXFileReference; lastKnownFileType = file.storyboard; name = Base; path = Base.lproj/Main.storyboard; sourceTree = "<group>"; };
		C33075791EA6A8F1008C1EE1 /* Assets.xcassets */ = {isa = PBXFileReference; lastKnownFileType = folder.assetcatalog; path = Assets.xcassets; sourceTree = "<group>"; };
		C330757C1EA6A8F1008C1EE1 /* Base */ = {isa = PBXFileReference; lastKnownFileType = file.storyboard; name = Base; path = Base.lproj/LaunchScreen.storyboard; sourceTree = "<group>"; };
		C330757E1EA6A8F1008C1EE1 /* Info.plist */ = {isa = PBXFileReference; lastKnownFileType = text.plist.xml; path = Info.plist; sourceTree = "<group>"; };
		C33075851EA6ABB5008C1EE1 /* LoginController.swift */ = {isa = PBXFileReference; fileEncoding = 4; lastKnownFileType = sourcecode.swift; path = LoginController.swift; sourceTree = "<group>"; };
		C33075871EA6C0E7008C1EE1 /* GoogleService-Info.plist */ = {isa = PBXFileReference; fileEncoding = 4; lastKnownFileType = text.plist.xml; path = "GoogleService-Info.plist"; sourceTree = "<group>"; };
		C34310DE1EA7BA0500937CA1 /* NewMessageController.swift */ = {isa = PBXFileReference; fileEncoding = 4; lastKnownFileType = sourcecode.swift; path = NewMessageController.swift; sourceTree = "<group>"; };
		C34310E11EA7C21F00937CA1 /* User.swift */ = {isa = PBXFileReference; fileEncoding = 4; lastKnownFileType = sourcecode.swift; path = User.swift; sourceTree = "<group>"; };
		C34310E31EA7C8F000937CA1 /* LoginController+handlers.swift */ = {isa = PBXFileReference; fileEncoding = 4; lastKnownFileType = sourcecode.swift; path = "LoginController+handlers.swift"; sourceTree = "<group>"; };
		C34310E61EA8204400937CA1 /* Extensions.swift */ = {isa = PBXFileReference; fileEncoding = 4; lastKnownFileType = sourcecode.swift; path = Extensions.swift; sourceTree = "<group>"; };
		D949DF1E5F75A7C143AA0F10 /* Pods-SnapMessage.debug.xcconfig */ = {isa = PBXFileReference; includeInIndex = 1; lastKnownFileType = text.xcconfig; name = "Pods-SnapMessage.debug.xcconfig"; path = "Pods/Target Support Files/Pods-SnapMessage/Pods-SnapMessage.debug.xcconfig"; sourceTree = "<group>"; };
		E81A952F76D38862DB28A6BF /* Pods_SnapMessage.framework */ = {isa = PBXFileReference; explicitFileType = wrapper.framework; includeInIndex = 0; path = Pods_SnapMessage.framework; sourceTree = BUILT_PRODUCTS_DIR; };
		EBA7DD87460F6AB6AE0481CF /* Pods-SnapMessage.release.xcconfig */ = {isa = PBXFileReference; includeInIndex = 1; lastKnownFileType = text.xcconfig; name = "Pods-SnapMessage.release.xcconfig"; path = "Pods/Target Support Files/Pods-SnapMessage/Pods-SnapMessage.release.xcconfig"; sourceTree = "<group>"; };
/* End PBXFileReference section */

/* Begin PBXFrameworksBuildPhase section */
		C330756C1EA6A8F1008C1EE1 /* Frameworks */ = {
			isa = PBXFrameworksBuildPhase;
			buildActionMask = 2147483647;
			files = (
				83EF702DAC34875B7ACAB1E3 /* Pods_SnapMessage.framework in Frameworks */,
			);
			runOnlyForDeploymentPostprocessing = 0;
		};
/* End PBXFrameworksBuildPhase section */

/* Begin PBXGroup section */
		697DBD6FB97FF2AFB646393C /* Frameworks */ = {
			isa = PBXGroup;
			children = (
				E81A952F76D38862DB28A6BF /* Pods_SnapMessage.framework */,
			);
			name = Frameworks;
			sourceTree = "<group>";
		};
		9982AB2E8C81EC005D483E2E /* Pods */ = {
			isa = PBXGroup;
			children = (
				D949DF1E5F75A7C143AA0F10 /* Pods-SnapMessage.debug.xcconfig */,
				EBA7DD87460F6AB6AE0481CF /* Pods-SnapMessage.release.xcconfig */,
			);
			name = Pods;
			sourceTree = "<group>";
		};
		C33075661EA6A8F1008C1EE1 = {
			isa = PBXGroup;
			children = (
				C33075711EA6A8F1008C1EE1 /* SnapMessage */,
				C33075701EA6A8F1008C1EE1 /* Products */,
				9982AB2E8C81EC005D483E2E /* Pods */,
				697DBD6FB97FF2AFB646393C /* Frameworks */,
			);
			sourceTree = "<group>";
		};
		C33075701EA6A8F1008C1EE1 /* Products */ = {
			isa = PBXGroup;
			children = (
				C330756F1EA6A8F1008C1EE1 /* SnapMessage.app */,
			);
			name = Products;
			sourceTree = "<group>";
		};
		C33075711EA6A8F1008C1EE1 /* SnapMessage */ = {
			isa = PBXGroup;
			children = (
				C34310E51EA8202A00937CA1 /* Helpers */,
				C34310E01EA7C1A600937CA1 /* Model */,
				C33075841EA6AB8D008C1EE1 /* Controller */,
				C33075721EA6A8F1008C1EE1 /* AppDelegate.swift */,
				C33075761EA6A8F1008C1EE1 /* Main.storyboard */,
				C33075791EA6A8F1008C1EE1 /* Assets.xcassets */,
				C330757B1EA6A8F1008C1EE1 /* LaunchScreen.storyboard */,
				C330757E1EA6A8F1008C1EE1 /* Info.plist */,
				C33075871EA6C0E7008C1EE1 /* GoogleService-Info.plist */,
			);
			path = SnapMessage;
			sourceTree = "<group>";
		};
		C33075841EA6AB8D008C1EE1 /* Controller */ = {
			isa = PBXGroup;
			children = (
				C33075851EA6ABB5008C1EE1 /* LoginController.swift */,
				C33075741EA6A8F1008C1EE1 /* MessagesController.swift */,
				C34310DE1EA7BA0500937CA1 /* NewMessageController.swift */,
				C34310E31EA7C8F000937CA1 /* LoginController+handlers.swift */,
			);
			name = Controller;
			sourceTree = "<group>";
		};
		C34310E01EA7C1A600937CA1 /* Model */ = {
			isa = PBXGroup;
			children = (
				C34310E11EA7C21F00937CA1 /* User.swift */,
			);
			name = Model;
			sourceTree = "<group>";
		};
		C34310E51EA8202A00937CA1 /* Helpers */ = {
			isa = PBXGroup;
			children = (
				C34310E61EA8204400937CA1 /* Extensions.swift */,
			);
			name = Helpers;
			sourceTree = "<group>";
		};
/* End PBXGroup section */

/* Begin PBXNativeTarget section */
		C330756E1EA6A8F1008C1EE1 /* SnapMessage */ = {
			isa = PBXNativeTarget;
			buildConfigurationList = C33075811EA6A8F1008C1EE1 /* Build configuration list for PBXNativeTarget "SnapMessage" */;
			buildPhases = (
				F5B781629B43E8D73A78AA54 /* [CP] Check Pods Manifest.lock */,
				C330756B1EA6A8F1008C1EE1 /* Sources */,
				C330756C1EA6A8F1008C1EE1 /* Frameworks */,
				C330756D1EA6A8F1008C1EE1 /* Resources */,
				AF4977737E71A70B8BBACDBF /* [CP] Embed Pods Frameworks */,
				0F89CF18CC771F3E15B1A51A /* [CP] Copy Pods Resources */,
			);
			buildRules = (
			);
			dependencies = (
			);
			name = SnapMessage;
			productName = SnapMessage;
			productReference = C330756F1EA6A8F1008C1EE1 /* SnapMessage.app */;
			productType = "com.apple.product-type.application";
		};
/* End PBXNativeTarget section */

/* Begin PBXProject section */
		C33075671EA6A8F1008C1EE1 /* Project object */ = {
			isa = PBXProject;
			attributes = {
				LastSwiftUpdateCheck = 0810;
				LastUpgradeCheck = 0810;
				ORGANIZATIONNAME = "Shan Lin";
				TargetAttributes = {
					C330756E1EA6A8F1008C1EE1 = {
						CreatedOnToolsVersion = 8.1;
						ProvisioningStyle = Automatic;
					};
				};
			};
			buildConfigurationList = C330756A1EA6A8F1008C1EE1 /* Build configuration list for PBXProject "SnapMessage" */;
			compatibilityVersion = "Xcode 3.2";
			developmentRegion = English;
			hasScannedForEncodings = 0;
			knownRegions = (
				en,
				Base,
			);
			mainGroup = C33075661EA6A8F1008C1EE1;
			productRefGroup = C33075701EA6A8F1008C1EE1 /* Products */;
			projectDirPath = "";
			projectRoot = "";
			targets = (
				C330756E1EA6A8F1008C1EE1 /* SnapMessage */,
			);
		};
/* End PBXProject section */

/* Begin PBXResourcesBuildPhase section */
		C330756D1EA6A8F1008C1EE1 /* Resources */ = {
			isa = PBXResourcesBuildPhase;
			buildActionMask = 2147483647;
			files = (
				C330757D1EA6A8F1008C1EE1 /* LaunchScreen.storyboard in Resources */,
				C33075881EA6C0E7008C1EE1 /* GoogleService-Info.plist in Resources */,
				C330757A1EA6A8F1008C1EE1 /* Assets.xcassets in Resources */,
				C33075781EA6A8F1008C1EE1 /* Main.storyboard in Resources */,
			);
			runOnlyForDeploymentPostprocessing = 0;
		};
/* End PBXResourcesBuildPhase section */

/* Begin PBXShellScriptBuildPhase section */
		0F89CF18CC771F3E15B1A51A /* [CP] Copy Pods Resources */ = {
			isa = PBXShellScriptBuildPhase;
			buildActionMask = 2147483647;
			files = (
			);
			inputPaths = (
			);
			name = "[CP] Copy Pods Resources";
			outputPaths = (
			);
			runOnlyForDeploymentPostprocessing = 0;
			shellPath = /bin/sh;
			shellScript = "\"${SRCROOT}/Pods/Target Support Files/Pods-SnapMessage/Pods-SnapMessage-resources.sh\"\n";
			showEnvVarsInLog = 0;
		};
		AF4977737E71A70B8BBACDBF /* [CP] Embed Pods Frameworks */ = {
			isa = PBXShellScriptBuildPhase;
			buildActionMask = 2147483647;
			files = (
			);
			inputPaths = (
			);
			name = "[CP] Embed Pods Frameworks";
			outputPaths = (
			);
			runOnlyForDeploymentPostprocessing = 0;
			shellPath = /bin/sh;
			shellScript = "\"${SRCROOT}/Pods/Target Support Files/Pods-SnapMessage/Pods-SnapMessage-frameworks.sh\"\n";
			showEnvVarsInLog = 0;
		};
		F5B781629B43E8D73A78AA54 /* [CP] Check Pods Manifest.lock */ = {
			isa = PBXShellScriptBuildPhase;
			buildActionMask = 2147483647;
			files = (
			);
			inputPaths = (
			);
			name = "[CP] Check Pods Manifest.lock";
			outputPaths = (
			);
			runOnlyForDeploymentPostprocessing = 0;
			shellPath = /bin/sh;
			shellScript = "diff \"${PODS_PODFILE_DIR_PATH}/Podfile.lock\" \"${PODS_ROOT}/Manifest.lock\" > /dev/null\nif [ $? != 0 ] ; then\n    # print error to STDERR\n    echo \"error: The sandbox is not in sync with the Podfile.lock. Run 'pod install' or update your CocoaPods installation.\" >&2\n    exit 1\nfi\n";
			showEnvVarsInLog = 0;
		};
/* End PBXShellScriptBuildPhase section */

/* Begin PBXSourcesBuildPhase section */
		C330756B1EA6A8F1008C1EE1 /* Sources */ = {
			isa = PBXSourcesBuildPhase;
			buildActionMask = 2147483647;
			files = (
				C34310DF1EA7BA0500937CA1 /* NewMessageController.swift in Sources */,
				C33075751EA6A8F1008C1EE1 /* MessagesController.swift in Sources */,
				C34310E41EA7C8F000937CA1 /* LoginController+handlers.swift in Sources */,
				C33075861EA6ABB5008C1EE1 /* LoginController.swift in Sources */,
				C34310E21EA7C21F00937CA1 /* User.swift in Sources */,
				C33075731EA6A8F1008C1EE1 /* AppDelegate.swift in Sources */,
				C34310E71EA8204400937CA1 /* Extensions.swift in Sources */,
			);
			runOnlyForDeploymentPostprocessing = 0;
		};
/* End PBXSourcesBuildPhase section */

/* Begin PBXVariantGroup section */
		C33075761EA6A8F1008C1EE1 /* Main.storyboard */ = {
			isa = PBXVariantGroup;
			children = (
				C33075771EA6A8F1008C1EE1 /* Base */,
			);
			name = Main.storyboard;
			sourceTree = "<group>";
		};
		C330757B1EA6A8F1008C1EE1 /* LaunchScreen.storyboard */ = {
			isa = PBXVariantGroup;
			children = (
				C330757C1EA6A8F1008C1EE1 /* Base */,
			);
			name = LaunchScreen.storyboard;
			sourceTree = "<group>";
		};
/* End PBXVariantGroup section */

/* Begin XCBuildConfiguration section */
		C330757F1EA6A8F1008C1EE1 /* Debug */ = {
			isa = XCBuildConfiguration;
			buildSettings = {
				ALWAYS_SEARCH_USER_PATHS = NO;
				CLANG_ANALYZER_NONNULL = YES;
				CLANG_CXX_LANGUAGE_STANDARD = "gnu++0x";
				CLANG_CXX_LIBRARY = "libc++";
				CLANG_ENABLE_MODULES = YES;
				CLANG_ENABLE_OBJC_ARC = YES;
				CLANG_WARN_BOOL_CONVERSION = YES;
				CLANG_WARN_CONSTANT_CONVERSION = YES;
				CLANG_WARN_DIRECT_OBJC_ISA_USAGE = YES_ERROR;
				CLANG_WARN_DOCUMENTATION_COMMENTS = YES;
				CLANG_WARN_EMPTY_BODY = YES;
				CLANG_WARN_ENUM_CONVERSION = YES;
				CLANG_WARN_INFINITE_RECURSION = YES;
				CLANG_WARN_INT_CONVERSION = YES;
				CLANG_WARN_OBJC_ROOT_CLASS = YES_ERROR;
				CLANG_WARN_SUSPICIOUS_MOVES = YES;
				CLANG_WARN_UNREACHABLE_CODE = YES;
				CLANG_WARN__DUPLICATE_METHOD_MATCH = YES;
				"CODE_SIGN_IDENTITY[sdk=iphoneos*]" = "iPhone Developer";
				COPY_PHASE_STRIP = NO;
				DEBUG_INFORMATION_FORMAT = dwarf;
				ENABLE_STRICT_OBJC_MSGSEND = YES;
				ENABLE_TESTABILITY = YES;
				GCC_C_LANGUAGE_STANDARD = gnu99;
				GCC_DYNAMIC_NO_PIC = NO;
				GCC_NO_COMMON_BLOCKS = YES;
				GCC_OPTIMIZATION_LEVEL = 0;
				GCC_PREPROCESSOR_DEFINITIONS = (
					"DEBUG=1",
					"$(inherited)",
				);
				GCC_WARN_64_TO_32_BIT_CONVERSION = YES;
				GCC_WARN_ABOUT_RETURN_TYPE = YES_ERROR;
				GCC_WARN_UNDECLARED_SELECTOR = YES;
				GCC_WARN_UNINITIALIZED_AUTOS = YES_AGGRESSIVE;
				GCC_WARN_UNUSED_FUNCTION = YES;
				GCC_WARN_UNUSED_VARIABLE = YES;
				IPHONEOS_DEPLOYMENT_TARGET = 10.1;
				MTL_ENABLE_DEBUG_INFO = YES;
				ONLY_ACTIVE_ARCH = YES;
				SDKROOT = iphoneos;
				SWIFT_ACTIVE_COMPILATION_CONDITIONS = DEBUG;
				SWIFT_OPTIMIZATION_LEVEL = "-Onone";
				TARGETED_DEVICE_FAMILY = "1,2";
			};
			name = Debug;
		};
		C33075801EA6A8F1008C1EE1 /* Release */ = {
			isa = XCBuildConfiguration;
			buildSettings = {
				ALWAYS_SEARCH_USER_PATHS = NO;
				CLANG_ANALYZER_NONNULL = YES;
				CLANG_CXX_LANGUAGE_STANDARD = "gnu++0x";
				CLANG_CXX_LIBRARY = "libc++";
				CLANG_ENABLE_MODULES = YES;
				CLANG_ENABLE_OBJC_ARC = YES;
				CLANG_WARN_BOOL_CONVERSION = YES;
				CLANG_WARN_CONSTANT_CONVERSION = YES;
				CLANG_WARN_DIRECT_OBJC_ISA_USAGE = YES_ERROR;
				CLANG_WARN_DOCUMENTATION_COMMENTS = YES;
				CLANG_WARN_EMPTY_BODY = YES;
				CLANG_WARN_ENUM_CONVERSION = YES;
				CLANG_WARN_INFINITE_RECURSION = YES;
				CLANG_WARN_INT_CONVERSION = YES;
				CLANG_WARN_OBJC_ROOT_CLASS = YES_ERROR;
				CLANG_WARN_SUSPICIOUS_MOVES = YES;
				CLANG_WARN_UNREACHABLE_CODE = YES;
				CLANG_WARN__DUPLICATE_METHOD_MATCH = YES;
				"CODE_SIGN_IDENTITY[sdk=iphoneos*]" = "iPhone Developer";
				COPY_PHASE_STRIP = NO;
				DEBUG_INFORMATION_FORMAT = "dwarf-with-dsym";
				ENABLE_NS_ASSERTIONS = NO;
				ENABLE_STRICT_OBJC_MSGSEND = YES;
				GCC_C_LANGUAGE_STANDARD = gnu99;
				GCC_NO_COMMON_BLOCKS = YES;
				GCC_WARN_64_TO_32_BIT_CONVERSION = YES;
				GCC_WARN_ABOUT_RETURN_TYPE = YES_ERROR;
				GCC_WARN_UNDECLARED_SELECTOR = YES;
				GCC_WARN_UNINITIALIZED_AUTOS = YES_AGGRESSIVE;
				GCC_WARN_UNUSED_FUNCTION = YES;
				GCC_WARN_UNUSED_VARIABLE = YES;
				IPHONEOS_DEPLOYMENT_TARGET = 10.1;
				MTL_ENABLE_DEBUG_INFO = NO;
				SDKROOT = iphoneos;
				SWIFT_OPTIMIZATION_LEVEL = "-Owholemodule";
				TARGETED_DEVICE_FAMILY = "1,2";
				VALIDATE_PRODUCT = YES;
			};
			name = Release;
		};
		C33075821EA6A8F1008C1EE1 /* Debug */ = {
			isa = XCBuildConfiguration;
			baseConfigurationReference = D949DF1E5F75A7C143AA0F10 /* Pods-SnapMessage.debug.xcconfig */;
			buildSettings = {
				ASSETCATALOG_COMPILER_APPICON_NAME = AppIcon;
				INFOPLIST_FILE = SnapMessage/Info.plist;
				LD_RUNPATH_SEARCH_PATHS = "$(inherited) @executable_path/Frameworks";
				PRODUCT_BUNDLE_IDENTIFIER = com.shanlin.SnapMessage;
				PRODUCT_NAME = "$(TARGET_NAME)";
				SWIFT_VERSION = 3.0;
			};
			name = Debug;
		};
		C33075831EA6A8F1008C1EE1 /* Release */ = {
			isa = XCBuildConfiguration;
			baseConfigurationReference = EBA7DD87460F6AB6AE0481CF /* Pods-SnapMessage.release.xcconfig */;
			buildSettings = {
				ASSETCATALOG_COMPILER_APPICON_NAME = AppIcon;
				INFOPLIST_FILE = SnapMessage/Info.plist;
				LD_RUNPATH_SEARCH_PATHS = "$(inherited) @executable_path/Frameworks";
				PRODUCT_BUNDLE_IDENTIFIER = com.shanlin.SnapMessage;
				PRODUCT_NAME = "$(TARGET_NAME)";
				SWIFT_VERSION = 3.0;
			};
			name = Release;
		};
/* End XCBuildConfiguration section */

/* Begin XCConfigurationList section */
		C330756A1EA6A8F1008C1EE1 /* Build configuration list for PBXProject "SnapMessage" */ = {
			isa = XCConfigurationList;
			buildConfigurations = (
				C330757F1EA6A8F1008C1EE1 /* Debug */,
				C33075801EA6A8F1008C1EE1 /* Release */,
			);
			defaultConfigurationIsVisible = 0;
			defaultConfigurationName = Release;
		};
		C33075811EA6A8F1008C1EE1 /* Build configuration list for PBXNativeTarget "SnapMessage" */ = {
			isa = XCConfigurationList;
			buildConfigurations = (
				C33075821EA6A8F1008C1EE1 /* Debug */,
				C33075831EA6A8F1008C1EE1 /* Release */,
			);
			defaultConfigurationIsVisible = 0;
			defaultConfigurationName = Release;
		};
/* End XCConfigurationList section */
	};
	rootObject = C33075671EA6A8F1008C1EE1 /* Project object */;
}
