// !$*UTF8*$!
{
	archiveVersion = 1;
	classes = {
	};
	objectVersion = 46;
	objects = {

/* Begin PBXBuildFile section */
		74A2EEB91E0C723F00B7322B /* AppDelegate.swift in Sources */ = {isa = PBXBuildFile; fileRef = 74A2EEB81E0C723F00B7322B /* AppDelegate.swift */; };
		74A2EEBE1E0C724000B7322B /* Main.storyboard in Resources */ = {isa = PBXBuildFile; fileRef = 74A2EEBC1E0C724000B7322B /* Main.storyboard */; };
		74A2EEC01E0C724000B7322B /* Assets.xcassets in Resources */ = {isa = PBXBuildFile; fileRef = 74A2EEBF1E0C724000B7322B /* Assets.xcassets */; };
		74A2EEC31E0C724000B7322B /* LaunchScreen.storyboard in Resources */ = {isa = PBXBuildFile; fileRef = 74A2EEC11E0C724000B7322B /* LaunchScreen.storyboard */; };
		C3911A821E35405D00602C45 /* ConversionViewController.swift in Sources */ = {isa = PBXBuildFile; fileRef = C3911A811E35405D00602C45 /* ConversionViewController.swift */; };
/* End PBXBuildFile section */

/* Begin PBXFileReference section */
		74A2EEB51E0C723F00B7322B /* fckTempConverter.app */ = {isa = PBXFileReference; explicitFileType = wrapper.application; includeInIndex = 0; path = fckTempConverter.app; sourceTree = BUILT_PRODUCTS_DIR; };
		74A2EEB81E0C723F00B7322B /* AppDelegate.swift */ = {isa = PBXFileReference; lastKnownFileType = sourcecode.swift; path = AppDelegate.swift; sourceTree = "<group>"; };
		74A2EEBD1E0C724000B7322B /* Base */ = {isa = PBXFileReference; lastKnownFileType = file.storyboard; name = Base; path = Base.lproj/Main.storyboard; sourceTree = "<group>"; };
		74A2EEBF1E0C724000B7322B /* Assets.xcassets */ = {isa = PBXFileReference; lastKnownFileType = folder.assetcatalog; path = Assets.xcassets; sourceTree = "<group>"; };
		74A2EEC21E0C724000B7322B /* Base */ = {isa = PBXFileReference; lastKnownFileType = file.storyboard; name = Base; path = Base.lproj/LaunchScreen.storyboard; sourceTree = "<group>"; };
		74A2EEC41E0C724000B7322B /* Info.plist */ = {isa = PBXFileReference; lastKnownFileType = text.plist.xml; path = Info.plist; sourceTree = "<group>"; };
		C3911A811E35405D00602C45 /* ConversionViewController.swift */ = {isa = PBXFileReference; fileEncoding = 4; lastKnownFileType = sourcecode.swift; path = ConversionViewController.swift; sourceTree = "<group>"; };
/* End PBXFileReference section */

/* Begin PBXFrameworksBuildPhase section */
		74A2EEB21E0C723A00B7322B /* Frameworks */ = {
			isa = PBXFrameworksBuildPhase;
			buildActionMask = 2147483647;
			files = (
			);
			runOnlyForDeploymentPostprocessing = 0;
		};
/* End PBXFrameworksBuildPhase section */

/* Begin PBXGroup section */
		74A2EEAC1E0C723900B7322B = {
			isa = PBXGroup;
			children = (
				74A2EEB71E0C723F00B7322B /* fckTempConverter */,
				74A2EEB61E0C723F00B7322B /* Products */,
			);
			sourceTree = "<group>";
		};
		74A2EEB61E0C723F00B7322B /* Products */ = {
			isa = PBXGroup;
			children = (
				74A2EEB51E0C723F00B7322B /* fckTempConverter.app */,
			);
			name = Products;
			sourceTree = "<group>";
		};
		74A2EEB71E0C723F00B7322B /* fckTempConverter */ = {
			isa = PBXGroup;
			children = (
				C3911A811E35405D00602C45 /* ConversionViewController.swift */,
				74A2EEB81E0C723F00B7322B /* AppDelegate.swift */,
				74A2EEBC1E0C724000B7322B /* Main.storyboard */,
				74A2EEBF1E0C724000B7322B /* Assets.xcassets */,
				74A2EEC11E0C724000B7322B /* LaunchScreen.storyboard */,
				74A2EEC41E0C724000B7322B /* Info.plist */,
			);
			path = fckTempConverter;
			sourceTree = "<group>";
		};
/* End PBXGroup section */

/* Begin PBXNativeTarget section */
		74A2EEB41E0C723A00B7322B /* fckTempConverter */ = {
			isa = PBXNativeTarget;
			buildConfigurationList = 74A2EEC71E0C724000B7322B /* Build configuration list for PBXNativeTarget "fckTempConverter" */;
			buildPhases = (
				74A2EEB11E0C723A00B7322B /* Sources */,
				74A2EEB21E0C723A00B7322B /* Frameworks */,
				74A2EEB31E0C723A00B7322B /* Resources */,
			);
			buildRules = (
			);
			dependencies = (
			);
			name = fckTempConverter;
			productName = WorldTrotter;
			productReference = 74A2EEB51E0C723F00B7322B /* fckTempConverter.app */;
			productType = "com.apple.product-type.application";
		};
/* End PBXNativeTarget section */

/* Begin PBXProject section */
		74A2EEAD1E0C723900B7322B /* Project object */ = {
			isa = PBXProject;
			attributes = {
				LastSwiftUpdateCheck = 0810;
				LastUpgradeCheck = 0810;
				ORGANIZATIONNAME = "Big Nerd Ranch";
				TargetAttributes = {
					74A2EEB41E0C723A00B7322B = {
						CreatedOnToolsVersion = 8.1;
						ProvisioningStyle = Automatic;
					};
				};
			};
			buildConfigurationList = 74A2EEB01E0C723900B7322B /* Build configuration list for PBXProject "fckTempConverter" */;
			compatibilityVersion = "Xcode 3.2";
			developmentRegion = English;
			hasScannedForEncodings = 0;
			knownRegions = (
				en,
				Base,
			);
			mainGroup = 74A2EEAC1E0C723900B7322B;
			productRefGroup = 74A2EEB61E0C723F00B7322B /* Products */;
			projectDirPath = "";
			projectRoot = "";
			targets = (
				74A2EEB41E0C723A00B7322B /* fckTempConverter */,
			);
		};
/* End PBXProject section */

/* Begin PBXResourcesBuildPhase section */
		74A2EEB31E0C723A00B7322B /* Resources */ = {
			isa = PBXResourcesBuildPhase;
			buildActionMask = 2147483647;
			files = (
				74A2EEC31E0C724000B7322B /* LaunchScreen.storyboard in Resources */,
				74A2EEC01E0C724000B7322B /* Assets.xcassets in Resources */,
				74A2EEBE1E0C724000B7322B /* Main.storyboard in Resources */,
			);
			runOnlyForDeploymentPostprocessing = 0;
		};
/* End PBXResourcesBuildPhase section */

/* Begin PBXSourcesBuildPhase section */
		74A2EEB11E0C723A00B7322B /* Sources */ = {
			isa = PBXSourcesBuildPhase;
			buildActionMask = 2147483647;
			files = (
				C3911A821E35405D00602C45 /* ConversionViewController.swift in Sources */,
				74A2EEB91E0C723F00B7322B /* AppDelegate.swift in Sources */,
			);
			runOnlyForDeploymentPostprocessing = 0;
		};
/* End PBXSourcesBuildPhase section */

/* Begin PBXVariantGroup section */
		74A2EEBC1E0C724000B7322B /* Main.storyboard */ = {
			isa = PBXVariantGroup;
			children = (
				74A2EEBD1E0C724000B7322B /* Base */,
			);
			name = Main.storyboard;
			sourceTree = "<group>";
		};
		74A2EEC11E0C724000B7322B /* LaunchScreen.storyboard */ = {
			isa = PBXVariantGroup;
			children = (
				74A2EEC21E0C724000B7322B /* Base */,
			);
			name = LaunchScreen.storyboard;
			sourceTree = "<group>";
		};
/* End PBXVariantGroup section */

/* Begin XCBuildConfiguration section */
		74A2EEC51E0C724000B7322B /* Debug */ = {
			isa = XCBuildConfiguration;
			buildSettings = {
				ALWAYS_SEARCH_USER_PATHS = NO;
				CLANG_ANALYZER_NONNULL = YES;
				CLANG_CXX_LANGUAGE_STANDARD = "gnu++0x";
				CLANG_CXX_LIBRARY = "libc++";
				CLANG_ENABLE_MODULES = YES;
				CLANG_ENABLE_OBJC_ARC = YES;
				CLANG_WARN_BOOL_CONVERSION = YES;
				CLANG_WARN_CONSTANT_CONVERSION = YES;
				CLANG_WARN_DIRECT_OBJC_ISA_USAGE = YES_ERROR;
				CLANG_WARN_DOCUMENTATION_COMMENTS = YES;
				CLANG_WARN_EMPTY_BODY = YES;
				CLANG_WARN_ENUM_CONVERSION = YES;
				CLANG_WARN_INFINITE_RECURSION = YES;
				CLANG_WARN_INT_CONVERSION = YES;
				CLANG_WARN_OBJC_ROOT_CLASS = YES_ERROR;
				CLANG_WARN_SUSPICIOUS_MOVES = YES;
				CLANG_WARN_UNREACHABLE_CODE = YES;
				CLANG_WARN__DUPLICATE_METHOD_MATCH = YES;
				"CODE_SIGN_IDENTITY[sdk=iphoneos*]" = "iPhone Developer";
				COPY_PHASE_STRIP = NO;
				DEBUG_INFORMATION_FORMAT = dwarf;
				ENABLE_STRICT_OBJC_MSGSEND = YES;
				ENABLE_TESTABILITY = YES;
				GCC_C_LANGUAGE_STANDARD = gnu99;
				GCC_DYNAMIC_NO_PIC = NO;
				GCC_NO_COMMON_BLOCKS = YES;
				GCC_OPTIMIZATION_LEVEL = 0;
				GCC_PREPROCESSOR_DEFINITIONS = (
					"DEBUG=1",
					"$(inherited)",
				);
				GCC_WARN_64_TO_32_BIT_CONVERSION = YES;
				GCC_WARN_ABOUT_RETURN_TYPE = YES_ERROR;
				GCC_WARN_UNDECLARED_SELECTOR = YES;
				GCC_WARN_UNINITIALIZED_AUTOS = YES_AGGRESSIVE;
				GCC_WARN_UNUSED_FUNCTION = YES;
				GCC_WARN_UNUSED_VARIABLE = YES;
				IPHONEOS_DEPLOYMENT_TARGET = 10.1;
				MTL_ENABLE_DEBUG_INFO = YES;
				ONLY_ACTIVE_ARCH = YES;
				SDKROOT = iphoneos;
				SWIFT_ACTIVE_COMPILATION_CONDITIONS = DEBUG;
				SWIFT_OPTIMIZATION_LEVEL = "-Onone";
			};
			name = Debug;
		};
		74A2EEC61E0C724000B7322B /* Release */ = {
			isa = XCBuildConfiguration;
			buildSettings = {
				ALWAYS_SEARCH_USER_PATHS = NO;
				CLANG_ANALYZER_NONNULL = YES;
				CLANG_CXX_LANGUAGE_STANDARD = "gnu++0x";
				CLANG_CXX_LIBRARY = "libc++";
				CLANG_ENABLE_MODULES = YES;
				CLANG_ENABLE_OBJC_ARC = YES;
				CLANG_WARN_BOOL_CONVERSION = YES;
				CLANG_WARN_CONSTANT_CONVERSION = YES;
				CLANG_WARN_DIRECT_OBJC_ISA_USAGE = YES_ERROR;
				CLANG_WARN_DOCUMENTATION_COMMENTS = YES;
				CLANG_WARN_EMPTY_BODY = YES;
				CLANG_WARN_ENUM_CONVERSION = YES;
				CLANG_WARN_INFINITE_RECURSION = YES;
				CLANG_WARN_INT_CONVERSION = YES;
				CLANG_WARN_OBJC_ROOT_CLASS = YES_ERROR;
				CLANG_WARN_SUSPICIOUS_MOVES = YES;
				CLANG_WARN_UNREACHABLE_CODE = YES;
				CLANG_WARN__DUPLICATE_METHOD_MATCH = YES;
				"CODE_SIGN_IDENTITY[sdk=iphoneos*]" = "iPhone Developer";
				COPY_PHASE_STRIP = NO;
				DEBUG_INFORMATION_FORMAT = "dwarf-with-dsym";
				ENABLE_NS_ASSERTIONS = NO;
				ENABLE_STRICT_OBJC_MSGSEND = YES;
				GCC_C_LANGUAGE_STANDARD = gnu99;
				GCC_NO_COMMON_BLOCKS = YES;
				GCC_WARN_64_TO_32_BIT_CONVERSION = YES;
				GCC_WARN_ABOUT_RETURN_TYPE = YES_ERROR;
				GCC_WARN_UNDECLARED_SELECTOR = YES;
				GCC_WARN_UNINITIALIZED_AUTOS = YES_AGGRESSIVE;
				GCC_WARN_UNUSED_FUNCTION = YES;
				GCC_WARN_UNUSED_VARIABLE = YES;
				IPHONEOS_DEPLOYMENT_TARGET = 10.1;
				MTL_ENABLE_DEBUG_INFO = NO;
				SDKROOT = iphoneos;
				SWIFT_OPTIMIZATION_LEVEL = "-Owholemodule";
				VALIDATE_PRODUCT = YES;
			};
			name = Release;
		};
		74A2EEC81E0C724000B7322B /* Debug */ = {
			isa = XCBuildConfiguration;
			buildSettings = {
				ASSETCATALOG_COMPILER_APPICON_NAME = AppIcon;
				INFOPLIST_FILE = fckTempConverter/Info.plist;
				LD_RUNPATH_SEARCH_PATHS = "$(inherited) @executable_path/Frameworks";
				PRODUCT_BUNDLE_IDENTIFIER = com.bignerdranch.WorldTrotter;
				PRODUCT_NAME = "$(TARGET_NAME)";
				SWIFT_VERSION = 3.0;
			};
			name = Debug;
		};
		74A2EEC91E0C724000B7322B /* Release */ = {
			isa = XCBuildConfiguration;
			buildSettings = {
				ASSETCATALOG_COMPILER_APPICON_NAME = AppIcon;
				INFOPLIST_FILE = fckTempConverter/Info.plist;
				LD_RUNPATH_SEARCH_PATHS = "$(inherited) @executable_path/Frameworks";
				PRODUCT_BUNDLE_IDENTIFIER = com.bignerdranch.WorldTrotter;
				PRODUCT_NAME = "$(TARGET_NAME)";
				SWIFT_VERSION = 3.0;
			};
			name = Release;
		};
/* End XCBuildConfiguration section */

/* Begin XCConfigurationList section */
		74A2EEB01E0C723900B7322B /* Build configuration list for PBXProject "fckTempConverter" */ = {
			isa = XCConfigurationList;
			buildConfigurations = (
				74A2EEC51E0C724000B7322B /* Debug */,
				74A2EEC61E0C724000B7322B /* Release */,
			);
			defaultConfigurationIsVisible = 0;
			defaultConfigurationName = Release;
		};
		74A2EEC71E0C724000B7322B /* Build configuration list for PBXNativeTarget "fckTempConverter" */ = {
			isa = XCConfigurationList;
			buildConfigurations = (
				74A2EEC81E0C724000B7322B /* Debug */,
				74A2EEC91E0C724000B7322B /* Release */,
			);
			defaultConfigurationIsVisible = 0;
			defaultConfigurationName = Release;
		};
/* End XCConfigurationList section */
	};
	rootObject = 74A2EEAD1E0C723900B7322B /* Project object */;
}
